
Microsoft Visual Studio Solution File, Format Version 12.00
# Visual Studio Version 17
VisualStudioVersion = 17.4.33122.133
MinimumVisualStudioVersion = 10.0.40219.1
Project("{FAE04EC0-301F-11D3-BF4B-00C04F79EFBC}") = "Hospital_Management_System_Project", "Hospital_Management_System_Project\Hospital_Management_System_Project.csproj", "{40EE8AA1-DF5B-41C7-981A-D07E659FBE49}"
EndProject
Global
	GlobalSection(SolutionConfigurationPlatforms) = preSolution
		Debug|Any CPU = Debug|Any CPU
		Release|Any CPU = Release|Any CPU
	EndGlobalSection
	GlobalSection(ProjectConfigurationPlatforms) = postSolution
		{40EE8AA1-DF5B-41C7-981A-D07E659FBE49}.Debug|Any CPU.ActiveCfg = Debug|Any CPU
		{40EE8AA1-DF5B-41C7-981A-D07E659FBE49}.Debug|Any CPU.Build.0 = Debug|Any CPU
		{40EE8AA1-DF5B-41C7-981A-D07E659FBE49}.Release|Any CPU.ActiveCfg = Release|Any CPU
		{40EE8AA1-DF5B-41C7-981A-D07E659FBE49}.Release|Any CPU.Build.0 = Release|Any CPU
	EndGlobalSection
	GlobalSection(SolutionProperties) = preSolution
		HideSolutionNode = FALSE
	EndGlobalSection
	GlobalSection(ExtensibilityGlobals) = postSolution
		SolutionGuid = {F20A6535-F30B-4D49-A856-C26AA8665056}
	EndGlobalSection
EndGlobal
